// !$*UTF8*$!
{
	archiveVersion = 1;
	classes = {
	};
	objectVersion = 51;
	objects = {

/* Begin PBXBuildFile section */
		17153EE525A8C5C30072CE83 /* Meet_MeApp.swift in Sources */ = {isa = PBXBuildFile; fileRef = 17153EE425A8C5C30072CE83 /* Meet_MeApp.swift */; };
		17153EE725A8C5C30072CE83 /* ContentView.swift in Sources */ = {isa = PBXBuildFile; fileRef = 17153EE625A8C5C30072CE83 /* ContentView.swift */; };
		17153EE925A8C5C30072CE83 /* Assets.xcassets in Resources */ = {isa = PBXBuildFile; fileRef = 17153EE825A8C5C30072CE83 /* Assets.xcassets */; };
		17153EEC25A8C5C30072CE83 /* Preview Assets.xcassets in Resources */ = {isa = PBXBuildFile; fileRef = 17153EEB25A8C5C30072CE83 /* Preview Assets.xcassets */; };
		175E40E025B43BB200ADC9BF /* StartView.swift in Sources */ = {isa = PBXBuildFile; fileRef = 175E40DF25B43BB200ADC9BF /* StartView.swift */; };
		175E40E325B4670800ADC9BF /* StartBackgroundView.swift in Sources */ = {isa = PBXBuildFile; fileRef = 175E40E225B4670800ADC9BF /* StartBackgroundView.swift */; };
		175E40E625B46ABB00ADC9BF /* BlurView.swift in Sources */ = {isa = PBXBuildFile; fileRef = 175E40E525B46ABB00ADC9BF /* BlurView.swift */; };
		175E40E925B4A31C00ADC9BF /* HapticFeedback.swift in Sources */ = {isa = PBXBuildFile; fileRef = 175E40E825B4A31C00ADC9BF /* HapticFeedback.swift */; };
		175E40F025B4CD3300ADC9BF /* RegisterView.swift in Sources */ = {isa = PBXBuildFile; fileRef = 175E40EF25B4CD3300ADC9BF /* RegisterView.swift */; };
		175E40F425B4CD9400ADC9BF /* Modifiers.swift in Sources */ = {isa = PBXBuildFile; fileRef = 175E40F325B4CD9400ADC9BF /* Modifiers.swift */; };
		175E40FA25B4D26A00ADC9BF /* Information.swift in Sources */ = {isa = PBXBuildFile; fileRef = 175E40F925B4D26A00ADC9BF /* Information.swift */; };
		1778E41325D0904100C5D343 /* DateTextField.swift in Sources */ = {isa = PBXBuildFile; fileRef = 1778E41225D0904000C5D343 /* DateTextField.swift */; };
		17A1E67325C2093D00E4DA78 /* PickerTextField.swift in Sources */ = {isa = PBXBuildFile; fileRef = 17A1E67225C2093D00E4DA78 /* PickerTextField.swift */; };
		17A1E67625C20DD200E4DA78 /* PickerView.swift in Sources */ = {isa = PBXBuildFile; fileRef = 17A1E67525C20DD200E4DA78 /* PickerView.swift */; };
		17BC5FE025BE0B5900F35075 /* ProfileCreationView.swift in Sources */ = {isa = PBXBuildFile; fileRef = 17BC5FDF25BE0B5900F35075 /* ProfileCreationView.swift */; };
		17C0C1CE25BF67D60021987D /* AlertBoxView.swift in Sources */ = {isa = PBXBuildFile; fileRef = 17C0C1CD25BF67D60021987D /* AlertBoxView.swift */; };
		17E45ABB25B74F6600B9A93B /* LoginView.swift in Sources */ = {isa = PBXBuildFile; fileRef = 17E45ABA25B74F6600B9A93B /* LoginView.swift */; };
		3C4632628DFAFFCA3B1B6674 /* Pods_Meet_Me.framework in Frameworks */ = {isa = PBXBuildFile; fileRef = AB6866AE96A8202B7FCBDD60 /* Pods_Meet_Me.framework */; };
		905485A125C48B0A00E2024D /* FirestoreManager.swift in Sources */ = {isa = PBXBuildFile; fileRef = 905485A025C48B0A00E2024D /* FirestoreManager.swift */; };
		905485D325C4AB2400E2024D /* ProfileCreationModel.swift in Sources */ = {isa = PBXBuildFile; fileRef = 905485D225C4AB2400E2024D /* ProfileCreationModel.swift */; };
		905485D625C4B44F00E2024D /* ErrorMessages.swift in Sources */ = {isa = PBXBuildFile; fileRef = 905485D525C4B44F00E2024D /* ErrorMessages.swift */; };
		90B1BFD625B8DB9200F8FBF7 /* LoginViewModel.swift in Sources */ = {isa = PBXBuildFile; fileRef = 90B1BFD525B8DB9200F8FBF7 /* LoginViewModel.swift */; };
		90B1BFDB25B8DBB700F8FBF7 /* RegisterViewModel.swift in Sources */ = {isa = PBXBuildFile; fileRef = 90B1BFDA25B8DBB700F8FBF7 /* RegisterViewModel.swift */; };
		90DB66B425B8D412006D2C4E /* GoogleService-Info.plist in Resources */ = {isa = PBXBuildFile; fileRef = 90DB66B325B8D412006D2C4E /* GoogleService-Info.plist */; };
		90F8AB4625BF5CDA00E969E0 /* UserModel.swift in Sources */ = {isa = PBXBuildFile; fileRef = 90F8AB4525BF5CDA00E969E0 /* UserModel.swift */; };
/* End PBXBuildFile section */

/* Begin PBXFileReference section */
		17153EE125A8C5C30072CE83 /* Meet Me.app */ = {isa = PBXFileReference; explicitFileType = wrapper.application; includeInIndex = 0; path = "Meet Me.app"; sourceTree = BUILT_PRODUCTS_DIR; };
		17153EE425A8C5C30072CE83 /* Meet_MeApp.swift */ = {isa = PBXFileReference; lastKnownFileType = sourcecode.swift; path = Meet_MeApp.swift; sourceTree = "<group>"; };
		17153EE625A8C5C30072CE83 /* ContentView.swift */ = {isa = PBXFileReference; lastKnownFileType = sourcecode.swift; path = ContentView.swift; sourceTree = "<group>"; };
		17153EE825A8C5C30072CE83 /* Assets.xcassets */ = {isa = PBXFileReference; lastKnownFileType = folder.assetcatalog; path = Assets.xcassets; sourceTree = "<group>"; };
		17153EEB25A8C5C30072CE83 /* Preview Assets.xcassets */ = {isa = PBXFileReference; lastKnownFileType = folder.assetcatalog; path = "Preview Assets.xcassets"; sourceTree = "<group>"; };
		17153EED25A8C5C30072CE83 /* Info.plist */ = {isa = PBXFileReference; lastKnownFileType = text.plist.xml; path = Info.plist; sourceTree = "<group>"; };
		175E40DF25B43BB200ADC9BF /* StartView.swift */ = {isa = PBXFileReference; lastKnownFileType = sourcecode.swift; path = StartView.swift; sourceTree = "<group>"; };
		175E40E225B4670800ADC9BF /* StartBackgroundView.swift */ = {isa = PBXFileReference; lastKnownFileType = sourcecode.swift; path = StartBackgroundView.swift; sourceTree = "<group>"; };
		175E40E525B46ABB00ADC9BF /* BlurView.swift */ = {isa = PBXFileReference; lastKnownFileType = sourcecode.swift; path = BlurView.swift; sourceTree = "<group>"; };
		175E40E825B4A31C00ADC9BF /* HapticFeedback.swift */ = {isa = PBXFileReference; lastKnownFileType = sourcecode.swift; path = HapticFeedback.swift; sourceTree = "<group>"; };
		175E40EF25B4CD3300ADC9BF /* RegisterView.swift */ = {isa = PBXFileReference; lastKnownFileType = sourcecode.swift; path = RegisterView.swift; sourceTree = "<group>"; };
		175E40F325B4CD9400ADC9BF /* Modifiers.swift */ = {isa = PBXFileReference; lastKnownFileType = sourcecode.swift; path = Modifiers.swift; sourceTree = "<group>"; };
		175E40F925B4D26A00ADC9BF /* Information.swift */ = {isa = PBXFileReference; lastKnownFileType = sourcecode.swift; path = Information.swift; sourceTree = "<group>"; };
		1778E41225D0904000C5D343 /* DateTextField.swift */ = {isa = PBXFileReference; lastKnownFileType = sourcecode.swift; path = DateTextField.swift; sourceTree = "<group>"; };
		17A1E67225C2093D00E4DA78 /* PickerTextField.swift */ = {isa = PBXFileReference; lastKnownFileType = sourcecode.swift; path = PickerTextField.swift; sourceTree = "<group>"; };
		17A1E67525C20DD200E4DA78 /* PickerView.swift */ = {isa = PBXFileReference; lastKnownFileType = sourcecode.swift; path = PickerView.swift; sourceTree = "<group>"; };
		17BC5FDF25BE0B5900F35075 /* ProfileCreationView.swift */ = {isa = PBXFileReference; lastKnownFileType = sourcecode.swift; path = ProfileCreationView.swift; sourceTree = "<group>"; };
		17C0C1CD25BF67D60021987D /* AlertBoxView.swift */ = {isa = PBXFileReference; lastKnownFileType = sourcecode.swift; path = AlertBoxView.swift; sourceTree = "<group>"; };
		17E45ABA25B74F6600B9A93B /* LoginView.swift */ = {isa = PBXFileReference; lastKnownFileType = sourcecode.swift; path = LoginView.swift; sourceTree = "<group>"; };
		8CC506F59200740347A6B95E /* Pods-Meet Me.debug.xcconfig */ = {isa = PBXFileReference; includeInIndex = 1; lastKnownFileType = text.xcconfig; name = "Pods-Meet Me.debug.xcconfig"; path = "Target Support Files/Pods-Meet Me/Pods-Meet Me.debug.xcconfig"; sourceTree = "<group>"; };
		905485A025C48B0A00E2024D /* FirestoreManager.swift */ = {isa = PBXFileReference; lastKnownFileType = sourcecode.swift; path = FirestoreManager.swift; sourceTree = "<group>"; };
		905485D225C4AB2400E2024D /* ProfileCreationModel.swift */ = {isa = PBXFileReference; lastKnownFileType = sourcecode.swift; path = ProfileCreationModel.swift; sourceTree = "<group>"; };
		905485D525C4B44F00E2024D /* ErrorMessages.swift */ = {isa = PBXFileReference; lastKnownFileType = sourcecode.swift; path = ErrorMessages.swift; sourceTree = "<group>"; };
		90B1BFD525B8DB9200F8FBF7 /* LoginViewModel.swift */ = {isa = PBXFileReference; lastKnownFileType = sourcecode.swift; name = LoginViewModel.swift; path = "Meet Me/ViewModels/LoginViewModel.swift"; sourceTree = SOURCE_ROOT; };
		90B1BFDA25B8DBB700F8FBF7 /* RegisterViewModel.swift */ = {isa = PBXFileReference; lastKnownFileType = sourcecode.swift; name = RegisterViewModel.swift; path = "Meet Me/ViewModels/RegisterViewModel.swift"; sourceTree = SOURCE_ROOT; };
		90DB66B325B8D412006D2C4E /* GoogleService-Info.plist */ = {isa = PBXFileReference; fileEncoding = 4; lastKnownFileType = text.plist.xml; path = "GoogleService-Info.plist"; sourceTree = "<group>"; };
		90F8AB4525BF5CDA00E969E0 /* UserModel.swift */ = {isa = PBXFileReference; lastKnownFileType = sourcecode.swift; path = UserModel.swift; sourceTree = "<group>"; };
		AB6866AE96A8202B7FCBDD60 /* Pods_Meet_Me.framework */ = {isa = PBXFileReference; explicitFileType = wrapper.framework; includeInIndex = 0; path = Pods_Meet_Me.framework; sourceTree = BUILT_PRODUCTS_DIR; };
		CED01C3F270FAC0ABF13CC65 /* Pods-Meet Me.release.xcconfig */ = {isa = PBXFileReference; includeInIndex = 1; lastKnownFileType = text.xcconfig; name = "Pods-Meet Me.release.xcconfig"; path = "Target Support Files/Pods-Meet Me/Pods-Meet Me.release.xcconfig"; sourceTree = "<group>"; };
/* End PBXFileReference section */

/* Begin PBXFrameworksBuildPhase section */
		17153EDE25A8C5C30072CE83 /* Frameworks */ = {
			isa = PBXFrameworksBuildPhase;
			buildActionMask = 2147483647;
			files = (
				3C4632628DFAFFCA3B1B6674 /* Pods_Meet_Me.framework in Frameworks */,
			);
			runOnlyForDeploymentPostprocessing = 0;
		};
/* End PBXFrameworksBuildPhase section */

/* Begin PBXGroup section */
		17153ED825A8C5C30072CE83 = {
			isa = PBXGroup;
			children = (
				17153EE325A8C5C30072CE83 /* Meet Me */,
				17153EE225A8C5C30072CE83 /* Products */,
				5249E9C9E4879C62B0DE99B3 /* Pods */,
				A99606559D29C5E8C75383F5 /* Frameworks */,
			);
			sourceTree = "<group>";
		};
		17153EE225A8C5C30072CE83 /* Products */ = {
			isa = PBXGroup;
			children = (
				17153EE125A8C5C30072CE83 /* Meet Me.app */,
			);
			name = Products;
			sourceTree = "<group>";
		};
		17153EE325A8C5C30072CE83 /* Meet Me */ = {
			isa = PBXGroup;
			children = (
				905485D025C4AA6100E2024D /* Manager */,
				17153EE425A8C5C30072CE83 /* Meet_MeApp.swift */,
				17153EE625A8C5C30072CE83 /* ContentView.swift */,
				90DB66B325B8D412006D2C4E /* GoogleService-Info.plist */,
				175E40DC25B4320E00ADC9BF /* Views */,
				175E40DE25B4322000ADC9BF /* ViewModels */,
				175E40DD25B4321600ADC9BF /* Models */,
				175E40F225B4CD8100ADC9BF /* Extra */,
				17153EE825A8C5C30072CE83 /* Assets.xcassets */,
				17153EED25A8C5C30072CE83 /* Info.plist */,
				17153EEA25A8C5C30072CE83 /* Preview Content */,
			);
			path = "Meet Me";
			sourceTree = "<group>";
		};
		17153EEA25A8C5C30072CE83 /* Preview Content */ = {
			isa = PBXGroup;
			children = (
				17153EEB25A8C5C30072CE83 /* Preview Assets.xcassets */,
			);
			path = "Preview Content";
			sourceTree = "<group>";
		};
		1724D0FB25BE1EAF007F3277 /* StartViews */ = {
			isa = PBXGroup;
			children = (
				175E40DF25B43BB200ADC9BF /* StartView.swift */,
				175E40EF25B4CD3300ADC9BF /* RegisterView.swift */,
				17E45ABA25B74F6600B9A93B /* LoginView.swift */,
				17BC5FDF25BE0B5900F35075 /* ProfileCreationView.swift */,
				175E40E225B4670800ADC9BF /* StartBackgroundView.swift */,
				17A1E67525C20DD200E4DA78 /* PickerView.swift */,
			);
			path = StartViews;
			sourceTree = "<group>";
		};
		175E40DC25B4320E00ADC9BF /* Views */ = {
			isa = PBXGroup;
			children = (
				1724D0FB25BE1EAF007F3277 /* StartViews */,
				175E40E525B46ABB00ADC9BF /* BlurView.swift */,
				17C0C1CD25BF67D60021987D /* AlertBoxView.swift */,
			);
			path = Views;
			sourceTree = "<group>";
		};
		175E40DD25B4321600ADC9BF /* Models */ = {
			isa = PBXGroup;
			children = (
				90F8AB4525BF5CDA00E969E0 /* UserModel.swift */,
			);
			path = Models;
			sourceTree = "<group>";
		};
		175E40DE25B4322000ADC9BF /* ViewModels */ = {
			isa = PBXGroup;
			children = (
				90B1BFD525B8DB9200F8FBF7 /* LoginViewModel.swift */,
				905485D225C4AB2400E2024D /* ProfileCreationModel.swift */,
				90B1BFDA25B8DBB700F8FBF7 /* RegisterViewModel.swift */,
			);
			path = ViewModels;
			sourceTree = "<group>";
		};
		175E40F225B4CD8100ADC9BF /* Extra */ = {
			isa = PBXGroup;
			children = (
				175E40E825B4A31C00ADC9BF /* HapticFeedback.swift */,
				17A1E67225C2093D00E4DA78 /* PickerTextField.swift */,
				1778E41225D0904000C5D343 /* DateTextField.swift */,
				175E40F325B4CD9400ADC9BF /* Modifiers.swift */,
				175E40F925B4D26A00ADC9BF /* Information.swift */,
				905485D525C4B44F00E2024D /* ErrorMessages.swift */,
			);
			path = Extra;
			sourceTree = "<group>";
		};
		5249E9C9E4879C62B0DE99B3 /* Pods */ = {
			isa = PBXGroup;
			children = (
				8CC506F59200740347A6B95E /* Pods-Meet Me.debug.xcconfig */,
				CED01C3F270FAC0ABF13CC65 /* Pods-Meet Me.release.xcconfig */,
			);
			path = Pods;
			sourceTree = "<group>";
		};
		905485D025C4AA6100E2024D /* Manager */ = {
			isa = PBXGroup;
			children = (
				905485A025C48B0A00E2024D /* FirestoreManager.swift */,
			);
			path = Manager;
			sourceTree = "<group>";
		};
		A99606559D29C5E8C75383F5 /* Frameworks */ = {
			isa = PBXGroup;
			children = (
				AB6866AE96A8202B7FCBDD60 /* Pods_Meet_Me.framework */,
			);
			name = Frameworks;
			sourceTree = "<group>";
		};
/* End PBXGroup section */

/* Begin PBXNativeTarget section */
		17153EE025A8C5C30072CE83 /* Meet Me */ = {
			isa = PBXNativeTarget;
			buildConfigurationList = 17153EF025A8C5C30072CE83 /* Build configuration list for PBXNativeTarget "Meet Me" */;
			buildPhases = (
				29D494A046F58D0E45F76732 /* [CP] Check Pods Manifest.lock */,
				17153EDD25A8C5C30072CE83 /* Sources */,
				17153EDE25A8C5C30072CE83 /* Frameworks */,
				17153EDF25A8C5C30072CE83 /* Resources */,
				366A86883B73636D148638CA /* [CP] Embed Pods Frameworks */,
			);
			buildRules = (
			);
			dependencies = (
			);
			name = "Meet Me";
			productName = "Meet Me";
			productReference = 17153EE125A8C5C30072CE83 /* Meet Me.app */;
			productType = "com.apple.product-type.application";
		};
/* End PBXNativeTarget section */

/* Begin PBXProject section */
		17153ED925A8C5C30072CE83 /* Project object */ = {
			isa = PBXProject;
			attributes = {
				LastSwiftUpdateCheck = 1230;
				LastUpgradeCheck = 1230;
				TargetAttributes = {
					17153EE025A8C5C30072CE83 = {
						CreatedOnToolsVersion = 12.3;
					};
				};
			};
			buildConfigurationList = 17153EDC25A8C5C30072CE83 /* Build configuration list for PBXProject "Meet Me" */;
			compatibilityVersion = "Xcode 9.3";
			developmentRegion = en;
			hasScannedForEncodings = 0;
			knownRegions = (
				en,
				Base,
			);
			mainGroup = 17153ED825A8C5C30072CE83;
			productRefGroup = 17153EE225A8C5C30072CE83 /* Products */;
			projectDirPath = "";
			projectRoot = "";
			targets = (
				17153EE025A8C5C30072CE83 /* Meet Me */,
			);
		};
/* End PBXProject section */

/* Begin PBXResourcesBuildPhase section */
		17153EDF25A8C5C30072CE83 /* Resources */ = {
			isa = PBXResourcesBuildPhase;
			buildActionMask = 2147483647;
			files = (
				17153EEC25A8C5C30072CE83 /* Preview Assets.xcassets in Resources */,
				17153EE925A8C5C30072CE83 /* Assets.xcassets in Resources */,
				90DB66B425B8D412006D2C4E /* GoogleService-Info.plist in Resources */,
			);
			runOnlyForDeploymentPostprocessing = 0;
		};
/* End PBXResourcesBuildPhase section */

/* Begin PBXShellScriptBuildPhase section */
		29D494A046F58D0E45F76732 /* [CP] Check Pods Manifest.lock */ = {
			isa = PBXShellScriptBuildPhase;
			buildActionMask = 2147483647;
			files = (
			);
			inputFileListPaths = (
			);
			inputPaths = (
				"${PODS_PODFILE_DIR_PATH}/Podfile.lock",
				"${PODS_ROOT}/Manifest.lock",
			);
			name = "[CP] Check Pods Manifest.lock";
			outputFileListPaths = (
			);
			outputPaths = (
				"$(DERIVED_FILE_DIR)/Pods-Meet Me-checkManifestLockResult.txt",
			);
			runOnlyForDeploymentPostprocessing = 0;
			shellPath = /bin/sh;
			shellScript = "diff \"${PODS_PODFILE_DIR_PATH}/Podfile.lock\" \"${PODS_ROOT}/Manifest.lock\" > /dev/null\nif [ $? != 0 ] ; then\n    # print error to STDERR\n    echo \"error: The sandbox is not in sync with the Podfile.lock. Run 'pod install' or update your CocoaPods installation.\" >&2\n    exit 1\nfi\n# This output is used by Xcode 'outputs' to avoid re-running this script phase.\necho \"SUCCESS\" > \"${SCRIPT_OUTPUT_FILE_0}\"\n";
			showEnvVarsInLog = 0;
		};
		366A86883B73636D148638CA /* [CP] Embed Pods Frameworks */ = {
			isa = PBXShellScriptBuildPhase;
			buildActionMask = 2147483647;
			files = (
			);
			inputFileListPaths = (
				"${PODS_ROOT}/Target Support Files/Pods-Meet Me/Pods-Meet Me-frameworks-${CONFIGURATION}-input-files.xcfilelist",
			);
			name = "[CP] Embed Pods Frameworks";
			outputFileListPaths = (
				"${PODS_ROOT}/Target Support Files/Pods-Meet Me/Pods-Meet Me-frameworks-${CONFIGURATION}-output-files.xcfilelist",
			);
			runOnlyForDeploymentPostprocessing = 0;
			shellPath = /bin/sh;
			shellScript = "\"${PODS_ROOT}/Target Support Files/Pods-Meet Me/Pods-Meet Me-frameworks.sh\"\n";
			showEnvVarsInLog = 0;
		};
/* End PBXShellScriptBuildPhase section */

/* Begin PBXSourcesBuildPhase section */
		17153EDD25A8C5C30072CE83 /* Sources */ = {
			isa = PBXSourcesBuildPhase;
			buildActionMask = 2147483647;
			files = (
				17BC5FE025BE0B5900F35075 /* ProfileCreationView.swift in Sources */,
				175E40FA25B4D26A00ADC9BF /* Information.swift in Sources */,
				175E40E025B43BB200ADC9BF /* StartView.swift in Sources */,
				17C0C1CE25BF67D60021987D /* AlertBoxView.swift in Sources */,
				17A1E67625C20DD200E4DA78 /* PickerView.swift in Sources */,
				175E40E325B4670800ADC9BF /* StartBackgroundView.swift in Sources */,
				175E40F425B4CD9400ADC9BF /* Modifiers.swift in Sources */,
				175E40E625B46ABB00ADC9BF /* BlurView.swift in Sources */,
				175E40F025B4CD3300ADC9BF /* RegisterView.swift in Sources */,
				17153EE725A8C5C30072CE83 /* ContentView.swift in Sources */,
				1778E41325D0904100C5D343 /* DateTextField.swift in Sources */,
				90F8AB4625BF5CDA00E969E0 /* UserModel.swift in Sources */,
				90B1BFDB25B8DBB700F8FBF7 /* RegisterViewModel.swift in Sources */,
				17153EE525A8C5C30072CE83 /* Meet_MeApp.swift in Sources */,
				905485A125C48B0A00E2024D /* FirestoreManager.swift in Sources */,
				17A1E67325C2093D00E4DA78 /* PickerTextField.swift in Sources */,
				90B1BFD625B8DB9200F8FBF7 /* LoginViewModel.swift in Sources */,
				905485D625C4B44F00E2024D /* ErrorMessages.swift in Sources */,
				17E45ABB25B74F6600B9A93B /* LoginView.swift in Sources */,
				905485D325C4AB2400E2024D /* ProfileCreationModel.swift in Sources */,
				175E40E925B4A31C00ADC9BF /* HapticFeedback.swift in Sources */,
			);
			runOnlyForDeploymentPostprocessing = 0;
		};
/* End PBXSourcesBuildPhase section */

/* Begin XCBuildConfiguration section */
		17153EEE25A8C5C30072CE83 /* Debug */ = {
			isa = XCBuildConfiguration;
			buildSettings = {
				ALWAYS_SEARCH_USER_PATHS = NO;
				CLANG_ANALYZER_NONNULL = YES;
				CLANG_ANALYZER_NUMBER_OBJECT_CONVERSION = YES_AGGRESSIVE;
				CLANG_CXX_LANGUAGE_STANDARD = "gnu++14";
				CLANG_CXX_LIBRARY = "libc++";
				CLANG_ENABLE_MODULES = YES;
				CLANG_ENABLE_OBJC_ARC = YES;
				CLANG_ENABLE_OBJC_WEAK = YES;
				CLANG_WARN_BLOCK_CAPTURE_AUTORELEASING = YES;
				CLANG_WARN_BOOL_CONVERSION = YES;
				CLANG_WARN_COMMA = YES;
				CLANG_WARN_CONSTANT_CONVERSION = YES;
				CLANG_WARN_DEPRECATED_OBJC_IMPLEMENTATIONS = YES;
				CLANG_WARN_DIRECT_OBJC_ISA_USAGE = YES_ERROR;
				CLANG_WARN_DOCUMENTATION_COMMENTS = YES;
				CLANG_WARN_EMPTY_BODY = YES;
				CLANG_WARN_ENUM_CONVERSION = YES;
				CLANG_WARN_INFINITE_RECURSION = YES;
				CLANG_WARN_INT_CONVERSION = YES;
				CLANG_WARN_NON_LITERAL_NULL_CONVERSION = YES;
				CLANG_WARN_OBJC_IMPLICIT_RETAIN_SELF = YES;
				CLANG_WARN_OBJC_LITERAL_CONVERSION = YES;
				CLANG_WARN_OBJC_ROOT_CLASS = YES_ERROR;
				CLANG_WARN_QUOTED_INCLUDE_IN_FRAMEWORK_HEADER = YES;
				CLANG_WARN_RANGE_LOOP_ANALYSIS = YES;
				CLANG_WARN_STRICT_PROTOTYPES = YES;
				CLANG_WARN_SUSPICIOUS_MOVE = YES;
				CLANG_WARN_UNGUARDED_AVAILABILITY = YES_AGGRESSIVE;
				CLANG_WARN_UNREACHABLE_CODE = YES;
				CLANG_WARN__DUPLICATE_METHOD_MATCH = YES;
				COPY_PHASE_STRIP = NO;
				DEBUG_INFORMATION_FORMAT = dwarf;
				ENABLE_STRICT_OBJC_MSGSEND = YES;
				ENABLE_TESTABILITY = YES;
				GCC_C_LANGUAGE_STANDARD = gnu11;
				GCC_DYNAMIC_NO_PIC = NO;
				GCC_NO_COMMON_BLOCKS = YES;
				GCC_OPTIMIZATION_LEVEL = 0;
				GCC_PREPROCESSOR_DEFINITIONS = (
					"DEBUG=1",
					"$(inherited)",
				);
				GCC_WARN_64_TO_32_BIT_CONVERSION = YES;
				GCC_WARN_ABOUT_RETURN_TYPE = YES_ERROR;
				GCC_WARN_UNDECLARED_SELECTOR = YES;
				GCC_WARN_UNINITIALIZED_AUTOS = YES_AGGRESSIVE;
				GCC_WARN_UNUSED_FUNCTION = YES;
				GCC_WARN_UNUSED_VARIABLE = YES;
				IPHONEOS_DEPLOYMENT_TARGET = 14.3;
				MTL_ENABLE_DEBUG_INFO = INCLUDE_SOURCE;
				MTL_FAST_MATH = YES;
				ONLY_ACTIVE_ARCH = YES;
				SDKROOT = iphoneos;
				SWIFT_ACTIVE_COMPILATION_CONDITIONS = DEBUG;
				SWIFT_OPTIMIZATION_LEVEL = "-Onone";
			};
			name = Debug;
		};
		17153EEF25A8C5C30072CE83 /* Release */ = {
			isa = XCBuildConfiguration;
			buildSettings = {
				ALWAYS_SEARCH_USER_PATHS = NO;
				CLANG_ANALYZER_NONNULL = YES;
				CLANG_ANALYZER_NUMBER_OBJECT_CONVERSION = YES_AGGRESSIVE;
				CLANG_CXX_LANGUAGE_STANDARD = "gnu++14";
				CLANG_CXX_LIBRARY = "libc++";
				CLANG_ENABLE_MODULES = YES;
				CLANG_ENABLE_OBJC_ARC = YES;
				CLANG_ENABLE_OBJC_WEAK = YES;
				CLANG_WARN_BLOCK_CAPTURE_AUTORELEASING = YES;
				CLANG_WARN_BOOL_CONVERSION = YES;
				CLANG_WARN_COMMA = YES;
				CLANG_WARN_CONSTANT_CONVERSION = YES;
				CLANG_WARN_DEPRECATED_OBJC_IMPLEMENTATIONS = YES;
				CLANG_WARN_DIRECT_OBJC_ISA_USAGE = YES_ERROR;
				CLANG_WARN_DOCUMENTATION_COMMENTS = YES;
				CLANG_WARN_EMPTY_BODY = YES;
				CLANG_WARN_ENUM_CONVERSION = YES;
				CLANG_WARN_INFINITE_RECURSION = YES;
				CLANG_WARN_INT_CONVERSION = YES;
				CLANG_WARN_NON_LITERAL_NULL_CONVERSION = YES;
				CLANG_WARN_OBJC_IMPLICIT_RETAIN_SELF = YES;
				CLANG_WARN_OBJC_LITERAL_CONVERSION = YES;
				CLANG_WARN_OBJC_ROOT_CLASS = YES_ERROR;
				CLANG_WARN_QUOTED_INCLUDE_IN_FRAMEWORK_HEADER = YES;
				CLANG_WARN_RANGE_LOOP_ANALYSIS = YES;
				CLANG_WARN_STRICT_PROTOTYPES = YES;
				CLANG_WARN_SUSPICIOUS_MOVE = YES;
				CLANG_WARN_UNGUARDED_AVAILABILITY = YES_AGGRESSIVE;
				CLANG_WARN_UNREACHABLE_CODE = YES;
				CLANG_WARN__DUPLICATE_METHOD_MATCH = YES;
				COPY_PHASE_STRIP = NO;
				DEBUG_INFORMATION_FORMAT = "dwarf-with-dsym";
				ENABLE_NS_ASSERTIONS = NO;
				ENABLE_STRICT_OBJC_MSGSEND = YES;
				GCC_C_LANGUAGE_STANDARD = gnu11;
				GCC_NO_COMMON_BLOCKS = YES;
				GCC_WARN_64_TO_32_BIT_CONVERSION = YES;
				GCC_WARN_ABOUT_RETURN_TYPE = YES_ERROR;
				GCC_WARN_UNDECLARED_SELECTOR = YES;
				GCC_WARN_UNINITIALIZED_AUTOS = YES_AGGRESSIVE;
				GCC_WARN_UNUSED_FUNCTION = YES;
				GCC_WARN_UNUSED_VARIABLE = YES;
				IPHONEOS_DEPLOYMENT_TARGET = 14.3;
				MTL_ENABLE_DEBUG_INFO = NO;
				MTL_FAST_MATH = YES;
				SDKROOT = iphoneos;
				SWIFT_COMPILATION_MODE = wholemodule;
				SWIFT_OPTIMIZATION_LEVEL = "-O";
				VALIDATE_PRODUCT = YES;
			};
			name = Release;
		};
		17153EF125A8C5C30072CE83 /* Debug */ = {
			isa = XCBuildConfiguration;
			baseConfigurationReference = 8CC506F59200740347A6B95E /* Pods-Meet Me.debug.xcconfig */;
			buildSettings = {
				ASSETCATALOG_COMPILER_APPICON_NAME = AppIcon;
				ASSETCATALOG_COMPILER_GLOBAL_ACCENT_COLOR_NAME = AccentColor;
				CODE_SIGN_IDENTITY = "Apple Development";
				CODE_SIGN_STYLE = Automatic;
				DEVELOPMENT_ASSET_PATHS = "\"Meet Me/Preview Content\"";
				DEVELOPMENT_TEAM = LTC2Q574RM;
				ENABLE_PREVIEWS = YES;
				INFOPLIST_FILE = "Meet Me/Info.plist";
				IPHONEOS_DEPLOYMENT_TARGET = 14.0;
				LD_RUNPATH_SEARCH_PATHS = (
					"$(inherited)",
					"@executable_path/Frameworks",
				);
				PRODUCT_BUNDLE_IDENTIFIER = "de.philipphemkemeyer.Meet-Mee";
				PRODUCT_NAME = "$(TARGET_NAME)";
				PROVISIONING_PROFILE_SPECIFIER = "";
				SWIFT_VERSION = 5.0;
				TARGETED_DEVICE_FAMILY = "1,2";
			};
			name = Debug;
		};
		17153EF225A8C5C30072CE83 /* Release */ = {
			isa = XCBuildConfiguration;
			baseConfigurationReference = CED01C3F270FAC0ABF13CC65 /* Pods-Meet Me.release.xcconfig */;
			buildSettings = {
				ASSETCATALOG_COMPILER_APPICON_NAME = AppIcon;
				ASSETCATALOG_COMPILER_GLOBAL_ACCENT_COLOR_NAME = AccentColor;
				CODE_SIGN_IDENTITY = "Apple Development";
				CODE_SIGN_STYLE = Automatic;
				DEVELOPMENT_ASSET_PATHS = "\"Meet Me/Preview Content\"";
				DEVELOPMENT_TEAM = LTC2Q574RM;
				ENABLE_PREVIEWS = YES;
				INFOPLIST_FILE = "Meet Me/Info.plist";
				IPHONEOS_DEPLOYMENT_TARGET = 14.0;
				LD_RUNPATH_SEARCH_PATHS = (
					"$(inherited)",
					"@executable_path/Frameworks",
				);
				PRODUCT_BUNDLE_IDENTIFIER = "de.philipphemkemeyer.Meet-Mee";
				PRODUCT_NAME = "$(TARGET_NAME)";
				PROVISIONING_PROFILE_SPECIFIER = "";
				SWIFT_VERSION = 5.0;
				TARGETED_DEVICE_FAMILY = "1,2";
			};
			name = Release;
		};
/* End XCBuildConfiguration section */

/* Begin XCConfigurationList section */
		17153EDC25A8C5C30072CE83 /* Build configuration list for PBXProject "Meet Me" */ = {
			isa = XCConfigurationList;
			buildConfigurations = (
				17153EEE25A8C5C30072CE83 /* Debug */,
				17153EEF25A8C5C30072CE83 /* Release */,
			);
			defaultConfigurationIsVisible = 0;
			defaultConfigurationName = Release;
		};
		17153EF025A8C5C30072CE83 /* Build configuration list for PBXNativeTarget "Meet Me" */ = {
			isa = XCConfigurationList;
			buildConfigurations = (
				17153EF125A8C5C30072CE83 /* Debug */,
				17153EF225A8C5C30072CE83 /* Release */,
			);
			defaultConfigurationIsVisible = 0;
			defaultConfigurationName = Release;
		};
/* End XCConfigurationList section */
	};
	rootObject = 17153ED925A8C5C30072CE83 /* Project object */;
}
