{
  "object": {
    "pins": [
      {
        "package": "Lottie",
        "repositoryURL": "https://github.com/airbnb/lottie-ios",
        "state": {
          "branch": null,
          "revision": "b3c60ba1716baab6faeeb217d8ce1da336f92718",
          "version": "3.2.1"
        }
      },
      {
        "package": "PromiseKit",
        "repositoryURL": "https://github.com/mxcl/PromiseKit.git",
        "state": {
          "branch": null,
          "revision": "aea48ea1855f5d82e2dffa6027afce3aab8f3dd7",
          "version": "6.13.3"
        }
      },
      {
        "package": "URLImage",
        "repositoryURL": "https://github.com/dmytro-anokhin/url-image.git",
        "state": {
          "branch": null,
          "revision": "c1a906515b0a440927b96204b778058871b22f23",
          "version": "2.2.3"
        }
      }
    ]
  },
  "version": 1
}
